<?xml version="1.0" encoding="UTF-8" standalone="yes" ?>
<CodeBlocks_project_file>
	<FileVersion major="1" minor="6" />
	<Project>
		<Option title="elf2e32" />
		<Option pch_mode="2" />
		<Option compiler="gcc" />
		<Build>
			<Target title="Debug">
				<Option output="bin/Debug/elf2e32" prefix_auto="1" extension_auto="1" />
				<Option object_output="obj/Debug/" />
				<Option type="1" />
				<Option compiler="gcc" />
				<Option parameters='--capability=All-TCB --definput=&quot;tests\libcryptou.def&quot; --defoutput=&quot;tests\tmp\out.def&quot; --elfinput=&quot;tests\libcrypto.dll&quot; --output=&quot;tests\tmp\libcrypto-2.4.5.tst.dll&quot; --libpath=&quot;D:\Symbian\S60_5th_Edition_SDK_v1.0\epoc32\release\armv5\lib&quot; --linkas=&quot;libcrypto{000a0000}.dll&quot; --dso=&quot;tests\tmp\libcrypto{000a0000}.dso&quot; --fpu=softvfp --uid1=0x10000079 --uid2=0x20004c45 --uid3=0x00000000 --targettype=STDDLL --dlldata --ignorenoncallable --debuggable --smpsafe --uncompressed' />
				<Compiler>
					<Add option="-std=c++14" />
					<Add option="-g -O0" />
					<Add option="-g3" />
					<Add option="-fvar-tracking" />
					<Add directory="source" />
					<Add directory="include" />
				</Compiler>
				<Linker>
					<Add option="-Wl,--stack,104857600" />
				</Linker>
			</Target>
			<Target title="Release">
				<Option output="bin/Release/elf2e32" prefix_auto="1" extension_auto="1" />
				<Option object_output="obj/Release/" />
				<Option type="1" />
				<Option compiler="gcc" />
				<Option parameters='--dump=a --definput=&quot;tests\libcryptou.def&quot;' />
				<Compiler>
					<Add option="-O2" />
					<Add directory="source" />
				</Compiler>
				<Linker>
					<Add option="-s" />
				</Linker>
			</Target>
		</Build>
		<Compiler>
			<Add option="-Winit-self" />
			<Add option="-Wunreachable-code" />
			<Add option="-std=c++14" />
			<Add option="-Wall" />
			<Add option="-D_CRT_NONSTDC_NO_DEPRECATE" />
			<Add directory="include" />
		</Compiler>
		<Linker>
			<Add option="-static" />
		</Linker>
		<Unit filename="include/cpudefs.h" />
		<Unit filename="include/e32capability.h" />
		<Unit filename="include/e32imageheaders.h" />
		<Unit filename="include/elfdefs.h" />
		<Unit filename="include/h_ver.h" />
		<Unit filename="include/portable.h" />
		<Unit filename="source/byte_pair.cpp" />
		<Unit filename="source/byte_pair.h" />
		<Unit filename="source/checksum.cpp" />
		<Unit filename="source/checksum.h" />
		<Unit filename="source/deffile.cpp" />
		<Unit filename="source/deffile.h" />
		<Unit filename="source/deflatecompress.cpp" />
		<Unit filename="source/e32common.h" />
		<Unit filename="source/e32exporttable.cpp" />
		<Unit filename="source/e32exporttable.h" />
		<Unit filename="source/e32flags.cpp" />
		<Unit filename="source/e32flags.h" />
		<Unit filename="source/e32imagefile.cpp">
			<Option compiler="gcc" use="0" buildCommand="$compiler $options -save-temps $file" />
		</Unit>
		<Unit filename="source/e32imagefile.h" />
		<Unit filename="source/e32info.cpp" />
		<Unit filename="source/e32info.h" />
		<Unit filename="source/e32parser.cpp" />
		<Unit filename="source/e32parser.h" />
		<Unit filename="source/e32producer.cpp" />
		<Unit filename="source/e32producer.h" />
		<Unit filename="source/e32validator.cpp" />
		<Unit filename="source/e32validator.h" />
		<Unit filename="source/elffilesupplied.cpp" />
		<Unit filename="source/elffilesupplied.h" />
		<Unit filename="source/errorhandler.cpp" />
		<Unit filename="source/errorhandler.h" />
		<Unit filename="source/farray.h" />
		<Unit filename="source/huffman.cpp" />
		<Unit filename="source/huffman.h" />
		<Unit filename="source/inflate.cpp" />
		<Unit filename="source/inflate.h" />
		<Unit filename="source/main.cpp" />
		<Unit filename="source/message.cpp" />
		<Unit filename="source/message.h" />
		<Unit filename="source/pagedcompress.cpp" />
		<Unit filename="source/parametermanager.cpp" />
		<Unit filename="source/parametermanager.h" />
		<Unit filename="source/pl_common.cpp" />
		<Unit filename="source/pl_common.h" />
		<Unit filename="source/pl_elfexports.cpp" />
		<Unit filename="source/pl_elfexports.h" />
		<Unit filename="source/pl_elfimage.cpp" />
		<Unit filename="source/pl_elfimage.h" />
		<Unit filename="source/pl_elfimportrelocation.cpp" />
		<Unit filename="source/pl_elfimportrelocation.h" />
		<Unit filename="source/pl_elfimports.cpp" />
		<Unit filename="source/pl_elfimports.h" />
		<Unit filename="source/pl_elflocalrelocation.cpp" />
		<Unit filename="source/pl_elflocalrelocation.h" />
		<Unit filename="source/pl_elfproducer.cpp" />
		<Unit filename="source/pl_elfproducer.h" />
		<Unit filename="source/pl_elfreader.cpp" />
		<Unit filename="source/pl_elfrelocation.cpp" />
		<Unit filename="source/pl_elfrelocation.h" />
		<Unit filename="source/pl_elfrelocations.cpp" />
		<Unit filename="source/pl_elfrelocations.h" />
		<Unit filename="source/pl_sym_type.h" />
		<Unit filename="source/pl_symbol.cpp" />
		<Unit filename="source/pl_symbol.h" />
		<Unit filename="source/portable.cpp" />
		<Unit filename="source/staticlibsymbols.h" />
		<Extensions>
			<code_completion />
			<envvars />
			<debugger />
			<lib_finder disable_auto="1" />
		</Extensions>
	</Project>
</CodeBlocks_project_file>
